
Microsoft Visual Studio Solution File, Format Version 12.00
# Visual Studio 15
VisualStudioVersion = 15.0.27428.2005
MinimumVisualStudioVersion = 10.0.40219.1
Project("{FAE04EC0-301F-11D3-BF4B-00C04F79EFBC}") = "Day1a", "Day1a\Day1a.csproj", "{2F6A257C-3C8A-46CE-BD2E-C9EAFCD3CF53}"
EndProject
Global
	GlobalSection(SolutionConfigurationPlatforms) = preSolution
		Debug|Any CPU = Debug|Any CPU
		Release|Any CPU = Release|Any CPU
	EndGlobalSection
	GlobalSection(ProjectConfigurationPlatforms) = postSolution
		{2F6A257C-3C8A-46CE-BD2E-C9EAFCD3CF53}.Debug|Any CPU.ActiveCfg = Debug|Any CPU
		{2F6A257C-3C8A-46CE-BD2E-C9EAFCD3CF53}.Debug|Any CPU.Build.0 = Debug|Any CPU
		{2F6A257C-3C8A-46CE-BD2E-C9EAFCD3CF53}.Release|Any CPU.ActiveCfg = Release|Any CPU
		{2F6A257C-3C8A-46CE-BD2E-C9EAFCD3CF53}.Release|Any CPU.Build.0 = Release|Any CPU
	EndGlobalSection
	GlobalSection(SolutionProperties) = preSolution
		HideSolutionNode = FALSE
	EndGlobalSection
	GlobalSection(ExtensibilityGlobals) = postSolution
		SolutionGuid = {54CA89EB-E287-4999-81D0-31FE487B5424}
	EndGlobalSection
EndGlobal
